
Microsoft Visual Studio Solution File, Format Version 12.00
# Visual Studio Version 17
VisualStudioVersion = 17.5.33414.496
MinimumVisualStudioVersion = 10.0.40219.1
Project("{FAE04EC0-301F-11D3-BF4B-00C04F79EFBC}") = "FinstarToDo", "FinstarToDo\FinstarToDo.csproj", "{B280426C-AF67-42F0-8B74-A57CA866D6D9}"
EndProject
Global
	GlobalSection(SolutionConfigurationPlatforms) = preSolution
		Debug|Any CPU = Debug|Any CPU
		Release|Any CPU = Release|Any CPU
	EndGlobalSection
	GlobalSection(ProjectConfigurationPlatforms) = postSolution
		{B280426C-AF67-42F0-8B74-A57CA866D6D9}.Debug|Any CPU.ActiveCfg = Debug|Any CPU
		{B280426C-AF67-42F0-8B74-A57CA866D6D9}.Debug|Any CPU.Build.0 = Debug|Any CPU
		{B280426C-AF67-42F0-8B74-A57CA866D6D9}.Release|Any CPU.ActiveCfg = Release|Any CPU
		{B280426C-AF67-42F0-8B74-A57CA866D6D9}.Release|Any CPU.Build.0 = Release|Any CPU
	EndGlobalSection
	GlobalSection(SolutionProperties) = preSolution
		HideSolutionNode = FALSE
	EndGlobalSection
	GlobalSection(ExtensibilityGlobals) = postSolution
		SolutionGuid = {63EFBBEB-108E-46A1-8E24-AA760D820579}
	EndGlobalSection
EndGlobal
